// !$*UTF8*$!
{
	archiveVersion = 1;
	classes = {
	};
	objectVersion = 56;
	objects = {

/* Begin PBXBuildFile section */
		001 /* QuarksApp.swift in Sources */ = {isa = PBXBuildFile; fileRef = 101 /* QuarksApp.swift */; };
		002 /* ContentView.swift in Sources */ = {isa = PBXBuildFile; fileRef = 102 /* ContentView.swift */; };
		003 /* User.swift in Sources */ = {isa = PBXBuildFile; fileRef = 103 /* User.swift */; };
		004 /* HealthData.swift in Sources */ = {isa = PBXBuildFile; fileRef = 104 /* HealthData.swift */; };
		005 /* HealthKitService.swift in Sources */ = {isa = PBXBuildFile; fileRef = 105 /* HealthKitService.swift */; };
		006 /* SupabaseService.swift in Sources */ = {isa = PBXBuildFile; fileRef = 106 /* SupabaseService.swift */; };
		007 /* SyncService.swift in Sources */ = {isa = PBXBuildFile; fileRef = 107 /* SyncService.swift */; };
		008 /* OnboardingView.swift in Sources */ = {isa = PBXBuildFile; fileRef = 108 /* OnboardingView.swift */; };
		009 /* AuthView.swift in Sources */ = {isa = PBXBuildFile; fileRef = 109 /* AuthView.swift */; };
		010 /* DashboardView.swift in Sources */ = {isa = PBXBuildFile; fileRef = 110 /* DashboardView.swift */; };
		011 /* HealthDataView.swift in Sources */ = {isa = PBXBuildFile; fileRef = 111 /* HealthDataView.swift */; };
		012 /* InsightsView.swift in Sources */ = {isa = PBXBuildFile; fileRef = 112 /* InsightsView.swift */; };
		013 /* SettingsView.swift in Sources */ = {isa = PBXBuildFile; fileRef = 113 /* SettingsView.swift */; };
		014 /* Assets.xcassets in Resources */ = {isa = PBXBuildFile; fileRef = 201 /* Assets.xcassets */; };
		015 /* HealthKit.framework in Frameworks */ = {isa = PBXBuildFile; fileRef = 301 /* HealthKit.framework */; };
		016 /* Supabase in Frameworks */ = {isa = PBXBuildFile; productRef = PKG001 /* Supabase */; };
		017 /* AppTheme.swift in Sources */ = {isa = PBXBuildFile; fileRef = 114 /* AppTheme.swift */; };
		018 /* ColorScheme.swift in Sources */ = {isa = PBXBuildFile; fileRef = 115 /* ColorScheme.swift */; };
		019 /* ThemeManager.swift in Sources */ = {isa = PBXBuildFile; fileRef = 116 /* ThemeManager.swift */; };
		020 /* AIEssenceView.swift in Sources */ = {isa = PBXBuildFile; fileRef = 117 /* AIEssenceView.swift */; };
		021 /* DashboardListView.swift in Sources */ = {isa = PBXBuildFile; fileRef = 118 /* DashboardListView.swift */; };
		022 /* InsightsSectionView.swift in Sources */ = {isa = PBXBuildFile; fileRef = 119 /* InsightsSectionView.swift */; };
		023 /* MetricRowView.swift in Sources */ = {isa = PBXBuildFile; fileRef = 120 /* MetricRowView.swift */; };
		024 /* QuickStatsView.swift in Sources */ = {isa = PBXBuildFile; fileRef = 121 /* QuickStatsView.swift */; };
		025 /* AdaptiveNavigationView.swift in Sources */ = {isa = PBXBuildFile; fileRef = 122 /* AdaptiveNavigationView.swift */; };
		026 /* SidebarView.swift in Sources */ = {isa = PBXBuildFile; fileRef = 123 /* SidebarView.swift */; };
		027 /* AppearanceSettingsView.swift in Sources */ = {isa = PBXBuildFile; fileRef = 124 /* AppearanceSettingsView.swift */; };
		028 /* DashboardConfigView.swift in Sources */ = {isa = PBXBuildFile; fileRef = 125 /* DashboardConfigView.swift */; };
		029 /* WidgetConfiguration.swift in Sources */ = {isa = PBXBuildFile; fileRef = 126 /* WidgetConfiguration.swift */; };
/* End PBXBuildFile section */

/* Begin PBXFileReference section */
		100 /* Quarks.app */ = {isa = PBXFileReference; explicitFileType = wrapper.application; includeInIndex = 0; path = Quarks.app; sourceTree = BUILT_PRODUCTS_DIR; };
		101 /* QuarksApp.swift */ = {isa = PBXFileReference; lastKnownFileType = sourcecode.swift; path = QuarksApp.swift; sourceTree = "<group>"; };
		102 /* ContentView.swift */ = {isa = PBXFileReference; lastKnownFileType = sourcecode.swift; path = ContentView.swift; sourceTree = "<group>"; };
		103 /* User.swift */ = {isa = PBXFileReference; lastKnownFileType = sourcecode.swift; path = User.swift; sourceTree = "<group>"; };
		104 /* HealthData.swift */ = {isa = PBXFileReference; lastKnownFileType = sourcecode.swift; path = HealthData.swift; sourceTree = "<group>"; };
		105 /* HealthKitService.swift */ = {isa = PBXFileReference; lastKnownFileType = sourcecode.swift; path = HealthKitService.swift; sourceTree = "<group>"; };
		106 /* SupabaseService.swift */ = {isa = PBXFileReference; lastKnownFileType = sourcecode.swift; path = SupabaseService.swift; sourceTree = "<group>"; };
		107 /* SyncService.swift */ = {isa = PBXFileReference; lastKnownFileType = sourcecode.swift; path = SyncService.swift; sourceTree = "<group>"; };
		108 /* OnboardingView.swift */ = {isa = PBXFileReference; lastKnownFileType = sourcecode.swift; path = OnboardingView.swift; sourceTree = "<group>"; };
		109 /* AuthView.swift */ = {isa = PBXFileReference; lastKnownFileType = sourcecode.swift; path = AuthView.swift; sourceTree = "<group>"; };
		110 /* DashboardView.swift */ = {isa = PBXFileReference; lastKnownFileType = sourcecode.swift; path = DashboardView.swift; sourceTree = "<group>"; };
		111 /* HealthDataView.swift */ = {isa = PBXFileReference; lastKnownFileType = sourcecode.swift; path = HealthDataView.swift; sourceTree = "<group>"; };
		112 /* InsightsView.swift */ = {isa = PBXFileReference; lastKnownFileType = sourcecode.swift; path = InsightsView.swift; sourceTree = "<group>"; };
		113 /* SettingsView.swift */ = {isa = PBXFileReference; lastKnownFileType = sourcecode.swift; path = SettingsView.swift; sourceTree = "<group>"; };
		114 /* AppTheme.swift */ = {isa = PBXFileReference; lastKnownFileType = sourcecode.swift; path = AppTheme.swift; sourceTree = "<group>"; };
		115 /* ColorScheme.swift */ = {isa = PBXFileReference; lastKnownFileType = sourcecode.swift; path = ColorScheme.swift; sourceTree = "<group>"; };
		116 /* ThemeManager.swift */ = {isa = PBXFileReference; lastKnownFileType = sourcecode.swift; path = ThemeManager.swift; sourceTree = "<group>"; };
		117 /* AIEssenceView.swift */ = {isa = PBXFileReference; lastKnownFileType = sourcecode.swift; path = AIEssenceView.swift; sourceTree = "<group>"; };
		118 /* DashboardListView.swift */ = {isa = PBXFileReference; lastKnownFileType = sourcecode.swift; path = DashboardListView.swift; sourceTree = "<group>"; };
		119 /* InsightsSectionView.swift */ = {isa = PBXFileReference; lastKnownFileType = sourcecode.swift; path = InsightsSectionView.swift; sourceTree = "<group>"; };
		120 /* MetricRowView.swift */ = {isa = PBXFileReference; lastKnownFileType = sourcecode.swift; path = MetricRowView.swift; sourceTree = "<group>"; };
		121 /* QuickStatsView.swift */ = {isa = PBXFileReference; lastKnownFileType = sourcecode.swift; path = QuickStatsView.swift; sourceTree = "<group>"; };
		122 /* AdaptiveNavigationView.swift */ = {isa = PBXFileReference; lastKnownFileType = sourcecode.swift; path = AdaptiveNavigationView.swift; sourceTree = "<group>"; };
		123 /* SidebarView.swift */ = {isa = PBXFileReference; lastKnownFileType = sourcecode.swift; path = SidebarView.swift; sourceTree = "<group>"; };
		124 /* AppearanceSettingsView.swift */ = {isa = PBXFileReference; lastKnownFileType = sourcecode.swift; path = AppearanceSettingsView.swift; sourceTree = "<group>"; };
		125 /* DashboardConfigView.swift */ = {isa = PBXFileReference; lastKnownFileType = sourcecode.swift; path = DashboardConfigView.swift; sourceTree = "<group>"; };
		126 /* WidgetConfiguration.swift */ = {isa = PBXFileReference; lastKnownFileType = sourcecode.swift; path = WidgetConfiguration.swift; sourceTree = "<group>"; };
		201 /* Assets.xcassets */ = {isa = PBXFileReference; lastKnownFileType = folder.assetcatalog; path = Assets.xcassets; sourceTree = "<group>"; };
		202 /* Quarks.entitlements */ = {isa = PBXFileReference; lastKnownFileType = text.plist.entitlements; path = Quarks.entitlements; sourceTree = "<group>"; };
		203 /* Info.plist */ = {isa = PBXFileReference; lastKnownFileType = text.plist.xml; path = Info.plist; sourceTree = "<group>"; };
		301 /* HealthKit.framework */ = {isa = PBXFileReference; lastKnownFileType = wrapper.framework; name = HealthKit.framework; path = System/Library/Frameworks/HealthKit.framework; sourceTree = SDKROOT; };
/* End PBXFileReference section */

/* Begin PBXFrameworksBuildPhase section */
		400 /* Frameworks */ = {
			isa = PBXFrameworksBuildPhase;
			buildActionMask = 2147483647;
			files = (
				015 /* HealthKit.framework in Frameworks */,
				016 /* Supabase in Frameworks */,
			);
			runOnlyForDeploymentPostprocessing = 0;
		};
/* End PBXFrameworksBuildPhase section */

/* Begin PBXGroup section */
		500 = {
			isa = PBXGroup;
			children = (
				501 /* Quarks */,
				502 /* Products */,
				503 /* Frameworks */,
			);
			sourceTree = "<group>";
		};
		501 /* Quarks */ = {
			isa = PBXGroup;
			children = (
				504 /* App */,
				505 /* Models */,
				506 /* Views */,
				507 /* Services */,
				508 /* Theme */,
				509 /* Widgets */,
				201 /* Assets.xcassets */,
				202 /* Quarks.entitlements */,
				203 /* Info.plist */,
			);
			path = Quarks;
			sourceTree = "<group>";
		};
		502 /* Products */ = {
			isa = PBXGroup;
			children = (
				100 /* Quarks.app */,
			);
			name = Products;
			sourceTree = "<group>";
		};
		503 /* Frameworks */ = {
			isa = PBXGroup;
			children = (
				301 /* HealthKit.framework */,
			);
			name = Frameworks;
			sourceTree = "<group>";
		};
		504 /* App */ = {
			isa = PBXGroup;
			children = (
				101 /* QuarksApp.swift */,
				102 /* ContentView.swift */,
			);
			path = App;
			sourceTree = "<group>";
		};
		505 /* Models */ = {
			isa = PBXGroup;
			children = (
				103 /* User.swift */,
				104 /* HealthData.swift */,
			);
			path = Models;
			sourceTree = "<group>";
		};
		506 /* Views */ = {
			isa = PBXGroup;
			children = (
				510 /* Dashboard */,
				511 /* Navigation */,
				512 /* Settings */,
				108 /* OnboardingView.swift */,
				109 /* AuthView.swift */,
				110 /* DashboardView.swift */,
				111 /* HealthDataView.swift */,
				112 /* InsightsView.swift */,
				113 /* SettingsView.swift */,
			);
			path = Views;
			sourceTree = "<group>";
		};
		507 /* Services */ = {
			isa = PBXGroup;
			children = (
				105 /* HealthKitService.swift */,
				106 /* SupabaseService.swift */,
				107 /* SyncService.swift */,
			);
			path = Services;
			sourceTree = "<group>";
		};
		508 /* Theme */ = {
			isa = PBXGroup;
			children = (
				114 /* AppTheme.swift */,
				115 /* ColorScheme.swift */,
				116 /* ThemeManager.swift */,
			);
			path = Theme;
			sourceTree = "<group>";
		};
		509 /* Widgets */ = {
			isa = PBXGroup;
			children = (
				126 /* WidgetConfiguration.swift */,
			);
			path = Widgets;
			sourceTree = "<group>";
		};
		510 /* Dashboard */ = {
			isa = PBXGroup;
			children = (
				117 /* AIEssenceView.swift */,
				118 /* DashboardListView.swift */,
				119 /* InsightsSectionView.swift */,
				120 /* MetricRowView.swift */,
				121 /* QuickStatsView.swift */,
			);
			path = Dashboard;
			sourceTree = "<group>";
		};
		511 /* Navigation */ = {
			isa = PBXGroup;
			children = (
				122 /* AdaptiveNavigationView.swift */,
				123 /* SidebarView.swift */,
			);
			path = Navigation;
			sourceTree = "<group>";
		};
		512 /* Settings */ = {
			isa = PBXGroup;
			children = (
				124 /* AppearanceSettingsView.swift */,
				125 /* DashboardConfigView.swift */,
			);
			path = Settings;
			sourceTree = "<group>";
		};
/* End PBXGroup section */

/* Begin PBXNativeTarget section */
		600 /* Quarks */ = {
			isa = PBXNativeTarget;
			buildConfigurationList = 700 /* Build configuration list for PBXNativeTarget "Quarks" */;
			buildPhases = (
				601 /* Sources */,
				400 /* Frameworks */,
				602 /* Resources */,
			);
			buildRules = (
			);
			dependencies = (
			);
			name = Quarks;
			packageProductDependencies = (
				PKG001 /* Supabase */,
			);
			productName = Quarks;
			productReference = 100 /* Quarks.app */;
			productType = "com.apple.product-type.application";
		};
/* End PBXNativeTarget section */

/* Begin PBXProject section */
		800 /* Project object */ = {
			isa = PBXProject;
			attributes = {
				BuildIndependentTargetsInParallel = 1;
				LastSwiftUpdateCheck = 1520;
				LastUpgradeCheck = 2620;
				TargetAttributes = {
					600 = {
						CreatedOnToolsVersion = 15.2;
					};
				};
			};
			buildConfigurationList = 801 /* Build configuration list for PBXProject "Quarks" */;
			compatibilityVersion = "Xcode 14.0";
			developmentRegion = en;
			hasScannedForEncodings = 0;
			knownRegions = (
				en,
				Base,
			);
			mainGroup = 500;
			packageReferences = (
				PKGREF001 /* XCRemoteSwiftPackageReference "supabase-swift" */,
			);
			productRefGroup = 502 /* Products */;
			projectDirPath = "";
			projectRoot = "";
			targets = (
				600 /* Quarks */,
			);
		};
/* End PBXProject section */

/* Begin PBXResourcesBuildPhase section */
		602 /* Resources */ = {
			isa = PBXResourcesBuildPhase;
			buildActionMask = 2147483647;
			files = (
				014 /* Assets.xcassets in Resources */,
			);
			runOnlyForDeploymentPostprocessing = 0;
		};
/* End PBXResourcesBuildPhase section */

/* Begin PBXSourcesBuildPhase section */
		601 /* Sources */ = {
			isa = PBXSourcesBuildPhase;
			buildActionMask = 2147483647;
			files = (
				001 /* QuarksApp.swift in Sources */,
				002 /* ContentView.swift in Sources */,
				003 /* User.swift in Sources */,
				004 /* HealthData.swift in Sources */,
				005 /* HealthKitService.swift in Sources */,
				006 /* SupabaseService.swift in Sources */,
				007 /* SyncService.swift in Sources */,
				008 /* OnboardingView.swift in Sources */,
				009 /* AuthView.swift in Sources */,
				010 /* DashboardView.swift in Sources */,
				011 /* HealthDataView.swift in Sources */,
				012 /* InsightsView.swift in Sources */,
				013 /* SettingsView.swift in Sources */,
				017 /* AppTheme.swift in Sources */,
				018 /* ColorScheme.swift in Sources */,
				019 /* ThemeManager.swift in Sources */,
				020 /* AIEssenceView.swift in Sources */,
				021 /* DashboardListView.swift in Sources */,
				022 /* InsightsSectionView.swift in Sources */,
				023 /* MetricRowView.swift in Sources */,
				024 /* QuickStatsView.swift in Sources */,
				025 /* AdaptiveNavigationView.swift in Sources */,
				026 /* SidebarView.swift in Sources */,
				027 /* AppearanceSettingsView.swift in Sources */,
				028 /* DashboardConfigView.swift in Sources */,
				029 /* WidgetConfiguration.swift in Sources */,
			);
			runOnlyForDeploymentPostprocessing = 0;
		};
/* End PBXSourcesBuildPhase section */

/* Begin XCBuildConfiguration section */
		900 /* Debug */ = {
			isa = XCBuildConfiguration;
			buildSettings = {
				ALWAYS_SEARCH_USER_PATHS = NO;
				ASSETCATALOG_COMPILER_GENERATE_SWIFT_ASSET_SYMBOL_EXTENSIONS = YES;
				CLANG_ANALYZER_NONNULL = YES;
				CLANG_ANALYZER_NUMBER_OBJECT_CONVERSION = YES_AGGRESSIVE;
				CLANG_CXX_LANGUAGE_STANDARD = "gnu++20";
				CLANG_ENABLE_MODULES = YES;
				CLANG_ENABLE_OBJC_ARC = YES;
				CLANG_ENABLE_OBJC_WEAK = YES;
				CLANG_WARN_BLOCK_CAPTURE_AUTORELEASING = YES;
				CLANG_WARN_BOOL_CONVERSION = YES;
				CLANG_WARN_COMMA = YES;
				CLANG_WARN_CONSTANT_CONVERSION = YES;
				CLANG_WARN_DEPRECATED_OBJC_IMPLEMENTATIONS = YES;
				CLANG_WARN_DIRECT_OBJC_ISA_USAGE = YES_ERROR;
				CLANG_WARN_DOCUMENTATION_COMMENTS = YES;
				CLANG_WARN_EMPTY_BODY = YES;
				CLANG_WARN_ENUM_CONVERSION = YES;
				CLANG_WARN_INFINITE_RECURSION = YES;
				CLANG_WARN_INT_CONVERSION = YES;
				CLANG_WARN_NON_LITERAL_NULL_CONVERSION = YES;
				CLANG_WARN_OBJC_IMPLICIT_RETAIN_SELF = YES;
				CLANG_WARN_OBJC_LITERAL_CONVERSION = YES;
				CLANG_WARN_OBJC_ROOT_CLASS = YES_ERROR;
				CLANG_WARN_QUOTED_INCLUDE_IN_FRAMEWORK_HEADER = YES;
				CLANG_WARN_RANGE_LOOP_ANALYSIS = YES;
				CLANG_WARN_STRICT_PROTOTYPES = YES;
				CLANG_WARN_SUSPICIOUS_MOVE = YES;
				CLANG_WARN_UNGUARDED_AVAILABILITY = YES_AGGRESSIVE;
				CLANG_WARN_UNREACHABLE_CODE = YES;
				CLANG_WARN__DUPLICATE_METHOD_MATCH = YES;
				COPY_PHASE_STRIP = NO;
				DEBUG_INFORMATION_FORMAT = dwarf;
				ENABLE_STRICT_OBJC_MSGSEND = YES;
				ENABLE_TESTABILITY = YES;
				ENABLE_USER_SCRIPT_SANDBOXING = YES;
				GCC_C_LANGUAGE_STANDARD = gnu17;
				GCC_DYNAMIC_NO_PIC = NO;
				GCC_NO_COMMON_BLOCKS = YES;
				GCC_OPTIMIZATION_LEVEL = 0;
				GCC_PREPROCESSOR_DEFINITIONS = (
					"DEBUG=1",
					"$(inherited)",
				);
				GCC_WARN_64_TO_32_BIT_CONVERSION = YES;
				GCC_WARN_ABOUT_RETURN_TYPE = YES_ERROR;
				GCC_WARN_UNDECLARED_SELECTOR = YES;
				GCC_WARN_UNINITIALIZED_AUTOS = YES_AGGRESSIVE;
				GCC_WARN_UNUSED_FUNCTION = YES;
				GCC_WARN_UNUSED_VARIABLE = YES;
				IPHONEOS_DEPLOYMENT_TARGET = 17.0;
				LOCALIZATION_PREFERS_STRING_CATALOGS = YES;
				MTL_ENABLE_DEBUG_INFO = INCLUDE_SOURCE;
				MTL_FAST_MATH = YES;
				ONLY_ACTIVE_ARCH = YES;
				SDKROOT = iphoneos;
				STRING_CATALOG_GENERATE_SYMBOLS = YES;
				SWIFT_ACTIVE_COMPILATION_CONDITIONS = "DEBUG $(inherited)";
				SWIFT_OPTIMIZATION_LEVEL = "-Onone";
			};
			name = Debug;
		};
		901 /* Release */ = {
			isa = XCBuildConfiguration;
			buildSettings = {
				ALWAYS_SEARCH_USER_PATHS = NO;
				ASSETCATALOG_COMPILER_GENERATE_SWIFT_ASSET_SYMBOL_EXTENSIONS = YES;
				CLANG_ANALYZER_NONNULL = YES;
				CLANG_ANALYZER_NUMBER_OBJECT_CONVERSION = YES_AGGRESSIVE;
				CLANG_CXX_LANGUAGE_STANDARD = "gnu++20";
				CLANG_ENABLE_MODULES = YES;
				CLANG_ENABLE_OBJC_ARC = YES;
				CLANG_ENABLE_OBJC_WEAK = YES;
				CLANG_WARN_BLOCK_CAPTURE_AUTORELEASING = YES;
				CLANG_WARN_BOOL_CONVERSION = YES;
				CLANG_WARN_COMMA = YES;
				CLANG_WARN_CONSTANT_CONVERSION = YES;
				CLANG_WARN_DEPRECATED_OBJC_IMPLEMENTATIONS = YES;
				CLANG_WARN_DIRECT_OBJC_ISA_USAGE = YES_ERROR;
				CLANG_WARN_DOCUMENTATION_COMMENTS = YES;
				CLANG_WARN_EMPTY_BODY = YES;
				CLANG_WARN_ENUM_CONVERSION = YES;
				CLANG_WARN_INFINITE_RECURSION = YES;
				CLANG_WARN_INT_CONVERSION = YES;
				CLANG_WARN_NON_LITERAL_NULL_CONVERSION = YES;
				CLANG_WARN_OBJC_IMPLICIT_RETAIN_SELF = YES;
				CLANG_WARN_OBJC_LITERAL_CONVERSION = YES;
				CLANG_WARN_OBJC_ROOT_CLASS = YES_ERROR;
				CLANG_WARN_QUOTED_INCLUDE_IN_FRAMEWORK_HEADER = YES;
				CLANG_WARN_RANGE_LOOP_ANALYSIS = YES;
				CLANG_WARN_STRICT_PROTOTYPES = YES;
				CLANG_WARN_SUSPICIOUS_MOVE = YES;
				CLANG_WARN_UNGUARDED_AVAILABILITY = YES_AGGRESSIVE;
				CLANG_WARN_UNREACHABLE_CODE = YES;
				CLANG_WARN__DUPLICATE_METHOD_MATCH = YES;
				COPY_PHASE_STRIP = NO;
				DEBUG_INFORMATION_FORMAT = "dwarf-with-dsym";
				ENABLE_NS_ASSERTIONS = NO;
				ENABLE_STRICT_OBJC_MSGSEND = YES;
				ENABLE_USER_SCRIPT_SANDBOXING = YES;
				GCC_C_LANGUAGE_STANDARD = gnu17;
				GCC_NO_COMMON_BLOCKS = YES;
				GCC_WARN_64_TO_32_BIT_CONVERSION = YES;
				GCC_WARN_ABOUT_RETURN_TYPE = YES_ERROR;
				GCC_WARN_UNDECLARED_SELECTOR = YES;
				GCC_WARN_UNINITIALIZED_AUTOS = YES_AGGRESSIVE;
				GCC_WARN_UNUSED_FUNCTION = YES;
				GCC_WARN_UNUSED_VARIABLE = YES;
				IPHONEOS_DEPLOYMENT_TARGET = 17.0;
				LOCALIZATION_PREFERS_STRING_CATALOGS = YES;
				MTL_ENABLE_DEBUG_INFO = NO;
				MTL_FAST_MATH = YES;
				SDKROOT = iphoneos;
				STRING_CATALOG_GENERATE_SYMBOLS = YES;
				SWIFT_COMPILATION_MODE = wholemodule;
				VALIDATE_PRODUCT = YES;
			};
			name = Release;
		};
		902 /* Debug */ = {
			isa = XCBuildConfiguration;
			buildSettings = {
				ASSETCATALOG_COMPILER_APPICON_NAME = AppIcon;
				ASSETCATALOG_COMPILER_GLOBAL_ACCENT_COLOR_NAME = AccentColor;
				CODE_SIGN_ENTITLEMENTS = Quarks/Quarks.entitlements;
				CODE_SIGN_STYLE = Automatic;
				CURRENT_PROJECT_VERSION = 1;
				DEVELOPMENT_TEAM = "";
				ENABLE_PREVIEWS = YES;
				GENERATE_INFOPLIST_FILE = YES;
				INFOPLIST_FILE = Quarks/Info.plist;
				INFOPLIST_KEY_CFBundleDisplayName = KQuarks;
				INFOPLIST_KEY_LSApplicationCategoryType = "public.app-category.healthcare-fitness";
				INFOPLIST_KEY_NSHealthShareUsageDescription = "KQuarks needs access to your health data to display insights and sync to the cloud.";
				INFOPLIST_KEY_NSHealthUpdateUsageDescription = "KQuarks needs access to update your health data.";
				INFOPLIST_KEY_UIApplicationSupportsIndirectInputEvents = YES;
				INFOPLIST_KEY_UIRequiredDeviceCapabilities = "armv7 healthkit";
				INFOPLIST_KEY_UISupportedInterfaceOrientations = "UIInterfaceOrientationPortrait UIInterfaceOrientationLandscapeLeft UIInterfaceOrientationLandscapeRight";
				INFOPLIST_KEY_UISupportedInterfaceOrientations_iPad = "UIInterfaceOrientationPortrait UIInterfaceOrientationPortraitUpsideDown UIInterfaceOrientationLandscapeLeft UIInterfaceOrientationLandscapeRight";
				INFOPLIST_KEY_UISupportedInterfaceOrientations_iPhone = "UIInterfaceOrientationPortrait UIInterfaceOrientationLandscapeLeft UIInterfaceOrientationLandscapeRight";
				LD_RUNPATH_SEARCH_PATHS = (
					"$(inherited)",
					"@executable_path/Frameworks",
				);
				MARKETING_VERSION = 1.0;
				PRODUCT_BUNDLE_IDENTIFIER = com.qxlsz.quarks;
				PRODUCT_NAME = "$(TARGET_NAME)";
				SUPPORTS_MACCATALYST = YES;
				SWIFT_EMIT_LOC_STRINGS = YES;
				SWIFT_VERSION = 5.0;
				TARGETED_DEVICE_FAMILY = "1,2";
			};
			name = Debug;
		};
		903 /* Release */ = {
			isa = XCBuildConfiguration;
			buildSettings = {
				ASSETCATALOG_COMPILER_APPICON_NAME = AppIcon;
				ASSETCATALOG_COMPILER_GLOBAL_ACCENT_COLOR_NAME = AccentColor;
				CODE_SIGN_ENTITLEMENTS = Quarks/Quarks.entitlements;
				CODE_SIGN_STYLE = Automatic;
				CURRENT_PROJECT_VERSION = 1;
				DEVELOPMENT_TEAM = "";
				ENABLE_PREVIEWS = YES;
				GENERATE_INFOPLIST_FILE = YES;
				INFOPLIST_FILE = Quarks/Info.plist;
				INFOPLIST_KEY_CFBundleDisplayName = KQuarks;
				INFOPLIST_KEY_LSApplicationCategoryType = "public.app-category.healthcare-fitness";
				INFOPLIST_KEY_NSHealthShareUsageDescription = "KQuarks needs access to your health data to display insights and sync to the cloud.";
				INFOPLIST_KEY_NSHealthUpdateUsageDescription = "KQuarks needs access to update your health data.";
				INFOPLIST_KEY_UIApplicationSupportsIndirectInputEvents = YES;
				INFOPLIST_KEY_UIRequiredDeviceCapabilities = "armv7 healthkit";
				INFOPLIST_KEY_UISupportedInterfaceOrientations = "UIInterfaceOrientationPortrait UIInterfaceOrientationLandscapeLeft UIInterfaceOrientationLandscapeRight";
				INFOPLIST_KEY_UISupportedInterfaceOrientations_iPad = "UIInterfaceOrientationPortrait UIInterfaceOrientationPortraitUpsideDown UIInterfaceOrientationLandscapeLeft UIInterfaceOrientationLandscapeRight";
				INFOPLIST_KEY_UISupportedInterfaceOrientations_iPhone = "UIInterfaceOrientationPortrait UIInterfaceOrientationLandscapeLeft UIInterfaceOrientationLandscapeRight";
				LD_RUNPATH_SEARCH_PATHS = (
					"$(inherited)",
					"@executable_path/Frameworks",
				);
				MARKETING_VERSION = 1.0;
				PRODUCT_BUNDLE_IDENTIFIER = com.qxlsz.quarks;
				PRODUCT_NAME = "$(TARGET_NAME)";
				SUPPORTS_MACCATALYST = YES;
				SWIFT_EMIT_LOC_STRINGS = YES;
				SWIFT_VERSION = 5.0;
				TARGETED_DEVICE_FAMILY = "1,2";
			};
			name = Release;
		};
/* End XCBuildConfiguration section */

/* Begin XCConfigurationList section */
		700 /* Build configuration list for PBXNativeTarget "Quarks" */ = {
			isa = XCConfigurationList;
			buildConfigurations = (
				902 /* Debug */,
				903 /* Release */,
			);
			defaultConfigurationIsVisible = 0;
			defaultConfigurationName = Release;
		};
		801 /* Build configuration list for PBXProject "Quarks" */ = {
			isa = XCConfigurationList;
			buildConfigurations = (
				900 /* Debug */,
				901 /* Release */,
			);
			defaultConfigurationIsVisible = 0;
			defaultConfigurationName = Release;
		};
/* End XCConfigurationList section */

/* Begin XCRemoteSwiftPackageReference section */
		PKGREF001 /* XCRemoteSwiftPackageReference "supabase-swift" */ = {
			isa = XCRemoteSwiftPackageReference;
			repositoryURL = "https://github.com/supabase-community/supabase-swift.git";
			requirement = {
				kind = upToNextMajorVersion;
				minimumVersion = 2.0.0;
			};
		};
/* End XCRemoteSwiftPackageReference section */

/* Begin XCSwiftPackageProductDependency section */
		PKG001 /* Supabase */ = {
			isa = XCSwiftPackageProductDependency;
			package = PKGREF001 /* XCRemoteSwiftPackageReference "supabase-swift" */;
			productName = Supabase;
		};
/* End XCSwiftPackageProductDependency section */
	};
	rootObject = 800 /* Project object */;
}
